
Microsoft Visual Studio Solution File, Format Version 12.00
# Visual Studio 15
VisualStudioVersion = 15.0.27703.2026
MinimumVisualStudioVersion = 10.0.40219.1
Project("{9A19103F-16F7-4668-BE54-9A1E7A4F7556}") = "TyniBot", "Bot\TyniBot.csproj", "{1C849176-634A-43E8-B3A2-49DB2DD4C159}"
EndProject
Project("{9A19103F-16F7-4668-BE54-9A1E7A4F7556}") = "Mafia", "Extensions\Mafia\Source\Mafia.csproj", "{2435B754-E4CC-4221-85B9-120FA0CAD18D}"
EndProject
Project("{2150E333-8FDC-42A3-9474-1A3956D46DE8}") = "Mafia", "Mafia", "{5615B2E6-B382-4B40-BB56-2E569948C2B6}"
EndProject
Project("{2150E333-8FDC-42A3-9474-1A3956D46DE8}") = "Bot", "Bot", "{6E1EB7E9-0399-452C-B724-BBB8362762A4}"
EndProject
Project("{2150E333-8FDC-42A3-9474-1A3956D46DE8}") = "Common", "Common", "{E53AE9E6-B490-45FB-AEC6-BECA5DB81206}"
EndProject
Project("{9A19103F-16F7-4668-BE54-9A1E7A4F7556}") = "Common", "Common\Common.csproj", "{B02C7C2B-A791-4427-9518-F795AB6E2CD7}"
EndProject
Project("{2150E333-8FDC-42A3-9474-1A3956D46DE8}") = "Extensions", "Extensions", "{A351B246-5276-4426-9749-2AA108E2D804}"
EndProject
Project("{2150E333-8FDC-42A3-9474-1A3956D46DE8}") = "Recruiting", "Recruiting", "{15A424B4-F0D0-4D76-AE32-6116F86F2519}"
EndProject
Project("{9A19103F-16F7-4668-BE54-9A1E7A4F7556}") = "Recruiting", "Extensions\Recruiting\Recruiting.csproj", "{55C54551-BD08-47B8-BB15-20D72D003A3F}"
EndProject
Project("{9A19103F-16F7-4668-BE54-9A1E7A4F7556}") = "UnitTests", "Extensions\Mafia\UnitTests\UnitTests.csproj", "{6A6F7913-277D-425B-9335-A60C6B0BF082}"
EndProject
Project("{2150E333-8FDC-42A3-9474-1A3956D46DE8}") = "Matches", "Matches", "{58BB4976-8176-4166-8105-EA55E2145D8B}"
EndProject
Project("{9A19103F-16F7-4668-BE54-9A1E7A4F7556}") = "Matches", "Extensions\Matches\Source\Matches.csproj", "{5A69DE86-0248-43F7-B1DD-48F46BDCA256}"
EndProject
Project("{9A19103F-16F7-4668-BE54-9A1E7A4F7556}") = "UnitTests", "Extensions\Matches\UnitTests\UnitTests.csproj", "{4A515585-9944-4EB9-912B-5E85F6E07AFB}"
EndProject
Project("{2150E333-8FDC-42A3-9474-1A3956D46DE8}") = "Inhouse", "Inhouse", "{D98577AD-F740-45AA-A393-F54B0A9DA3EC}"
EndProject
Project("{9A19103F-16F7-4668-BE54-9A1E7A4F7556}") = "Inhouse", "Extensions\Inhouse\Source\Inhouse.csproj", "{004EAD9F-94FF-4F8C-A00B-17C246A0549D}"
EndProject
Project("{9A19103F-16F7-4668-BE54-9A1E7A4F7556}") = "UnitTests", "Extensions\Inhouse\UnitTests\UnitTests.csproj", "{892C21F0-6F28-4551-9D4C-EC86D2D2EF9A}"
EndProject
Global
	GlobalSection(SolutionConfigurationPlatforms) = preSolution
		Debug|Any CPU = Debug|Any CPU
		Release|Any CPU = Release|Any CPU
	EndGlobalSection
	GlobalSection(ProjectConfigurationPlatforms) = postSolution
		{1C849176-634A-43E8-B3A2-49DB2DD4C159}.Debug|Any CPU.ActiveCfg = Debug|Any CPU
		{1C849176-634A-43E8-B3A2-49DB2DD4C159}.Debug|Any CPU.Build.0 = Debug|Any CPU
		{1C849176-634A-43E8-B3A2-49DB2DD4C159}.Release|Any CPU.ActiveCfg = Release|Any CPU
		{1C849176-634A-43E8-B3A2-49DB2DD4C159}.Release|Any CPU.Build.0 = Release|Any CPU
		{2435B754-E4CC-4221-85B9-120FA0CAD18D}.Debug|Any CPU.ActiveCfg = Debug|Any CPU
		{2435B754-E4CC-4221-85B9-120FA0CAD18D}.Debug|Any CPU.Build.0 = Debug|Any CPU
		{2435B754-E4CC-4221-85B9-120FA0CAD18D}.Release|Any CPU.ActiveCfg = Release|Any CPU
		{2435B754-E4CC-4221-85B9-120FA0CAD18D}.Release|Any CPU.Build.0 = Release|Any CPU
		{B02C7C2B-A791-4427-9518-F795AB6E2CD7}.Debug|Any CPU.ActiveCfg = Debug|Any CPU
		{B02C7C2B-A791-4427-9518-F795AB6E2CD7}.Debug|Any CPU.Build.0 = Debug|Any CPU
		{B02C7C2B-A791-4427-9518-F795AB6E2CD7}.Release|Any CPU.ActiveCfg = Release|Any CPU
		{B02C7C2B-A791-4427-9518-F795AB6E2CD7}.Release|Any CPU.Build.0 = Release|Any CPU
		{55C54551-BD08-47B8-BB15-20D72D003A3F}.Debug|Any CPU.ActiveCfg = Debug|Any CPU
		{55C54551-BD08-47B8-BB15-20D72D003A3F}.Debug|Any CPU.Build.0 = Debug|Any CPU
		{55C54551-BD08-47B8-BB15-20D72D003A3F}.Release|Any CPU.ActiveCfg = Release|Any CPU
		{55C54551-BD08-47B8-BB15-20D72D003A3F}.Release|Any CPU.Build.0 = Release|Any CPU
		{6A6F7913-277D-425B-9335-A60C6B0BF082}.Debug|Any CPU.ActiveCfg = Debug|Any CPU
		{6A6F7913-277D-425B-9335-A60C6B0BF082}.Debug|Any CPU.Build.0 = Debug|Any CPU
		{6A6F7913-277D-425B-9335-A60C6B0BF082}.Release|Any CPU.ActiveCfg = Release|Any CPU
		{6A6F7913-277D-425B-9335-A60C6B0BF082}.Release|Any CPU.Build.0 = Release|Any CPU
		{5A69DE86-0248-43F7-B1DD-48F46BDCA256}.Debug|Any CPU.ActiveCfg = Debug|Any CPU
		{5A69DE86-0248-43F7-B1DD-48F46BDCA256}.Debug|Any CPU.Build.0 = Debug|Any CPU
		{5A69DE86-0248-43F7-B1DD-48F46BDCA256}.Release|Any CPU.ActiveCfg = Release|Any CPU
		{5A69DE86-0248-43F7-B1DD-48F46BDCA256}.Release|Any CPU.Build.0 = Release|Any CPU
		{4A515585-9944-4EB9-912B-5E85F6E07AFB}.Debug|Any CPU.ActiveCfg = Debug|Any CPU
		{4A515585-9944-4EB9-912B-5E85F6E07AFB}.Debug|Any CPU.Build.0 = Debug|Any CPU
		{4A515585-9944-4EB9-912B-5E85F6E07AFB}.Release|Any CPU.ActiveCfg = Release|Any CPU
		{4A515585-9944-4EB9-912B-5E85F6E07AFB}.Release|Any CPU.Build.0 = Release|Any CPU
		{004EAD9F-94FF-4F8C-A00B-17C246A0549D}.Debug|Any CPU.ActiveCfg = Debug|Any CPU
		{004EAD9F-94FF-4F8C-A00B-17C246A0549D}.Debug|Any CPU.Build.0 = Debug|Any CPU
		{004EAD9F-94FF-4F8C-A00B-17C246A0549D}.Release|Any CPU.ActiveCfg = Release|Any CPU
		{004EAD9F-94FF-4F8C-A00B-17C246A0549D}.Release|Any CPU.Build.0 = Release|Any CPU
		{892C21F0-6F28-4551-9D4C-EC86D2D2EF9A}.Debug|Any CPU.ActiveCfg = Debug|Any CPU
		{892C21F0-6F28-4551-9D4C-EC86D2D2EF9A}.Debug|Any CPU.Build.0 = Debug|Any CPU
		{892C21F0-6F28-4551-9D4C-EC86D2D2EF9A}.Release|Any CPU.ActiveCfg = Release|Any CPU
		{892C21F0-6F28-4551-9D4C-EC86D2D2EF9A}.Release|Any CPU.Build.0 = Release|Any CPU
	EndGlobalSection
	GlobalSection(SolutionProperties) = preSolution
		HideSolutionNode = FALSE
	EndGlobalSection
	GlobalSection(NestedProjects) = preSolution
		{1C849176-634A-43E8-B3A2-49DB2DD4C159} = {6E1EB7E9-0399-452C-B724-BBB8362762A4}
		{2435B754-E4CC-4221-85B9-120FA0CAD18D} = {5615B2E6-B382-4B40-BB56-2E569948C2B6}
		{5615B2E6-B382-4B40-BB56-2E569948C2B6} = {A351B246-5276-4426-9749-2AA108E2D804}
		{B02C7C2B-A791-4427-9518-F795AB6E2CD7} = {E53AE9E6-B490-45FB-AEC6-BECA5DB81206}
		{15A424B4-F0D0-4D76-AE32-6116F86F2519} = {A351B246-5276-4426-9749-2AA108E2D804}
		{55C54551-BD08-47B8-BB15-20D72D003A3F} = {15A424B4-F0D0-4D76-AE32-6116F86F2519}
		{6A6F7913-277D-425B-9335-A60C6B0BF082} = {5615B2E6-B382-4B40-BB56-2E569948C2B6}
		{58BB4976-8176-4166-8105-EA55E2145D8B} = {A351B246-5276-4426-9749-2AA108E2D804}
		{5A69DE86-0248-43F7-B1DD-48F46BDCA256} = {58BB4976-8176-4166-8105-EA55E2145D8B}
		{4A515585-9944-4EB9-912B-5E85F6E07AFB} = {58BB4976-8176-4166-8105-EA55E2145D8B}
		{D98577AD-F740-45AA-A393-F54B0A9DA3EC} = {A351B246-5276-4426-9749-2AA108E2D804}
		{004EAD9F-94FF-4F8C-A00B-17C246A0549D} = {D98577AD-F740-45AA-A393-F54B0A9DA3EC}
		{892C21F0-6F28-4551-9D4C-EC86D2D2EF9A} = {D98577AD-F740-45AA-A393-F54B0A9DA3EC}
	EndGlobalSection
	GlobalSection(ExtensibilityGlobals) = postSolution
		SolutionGuid = {6CCE80CF-C839-4916-BDAB-C40D113DD20F}
	EndGlobalSection
EndGlobal
