
Microsoft Visual Studio Solution File, Format Version 12.00
# Visual Studio Version 17
VisualStudioVersion = 17.0.31825.309
MinimumVisualStudioVersion = 15.0.26124.0
Project("{9A19103F-16F7-4668-BE54-9A1E7A4F7556}") = "TyniBot", "Bot\TyniBot.csproj", "{325D7C7D-0260-4921-8964-38835F0F1211}"
EndProject
Project("{9A19103F-16F7-4668-BE54-9A1E7A4F7556}") = "ConsoleApp", "Bot.ConsoleApp\ConsoleApp.csproj", "{194C787C-5C48-4835-8B10-494C67777BF2}"
EndProject
Project("{9A19103F-16F7-4668-BE54-9A1E7A4F7556}") = "DockerService", "Bot.DockerService\DockerService.csproj", "{99019363-4027-4F62-A106-74A163547C50}"
EndProject
Project("{2150E333-8FDC-42A3-9474-1A3956D46DE8}") = "Discord.Bot", "Discord.Bot", "{1826D7AD-BE92-4465-9311-FF3A5EECB312}"
EndProject
Project("{9A19103F-16F7-4668-BE54-9A1E7A4F7556}") = "Discord.Bot", "Discord.Bot\Discord.Bot.csproj", "{A2C3EA6E-8F1F-4859-94F1-177ED97D9DF3}"
EndProject
Project("{2150E333-8FDC-42A3-9474-1A3956D46DE8}") = "UnitTests", "UnitTests", "{626C673B-BE02-4B5C-9A12-B409CE1FDAA4}"
EndProject
Project("{2150E333-8FDC-42A3-9474-1A3956D46DE8}") = "Inhouse", "Inhouse", "{C3BE6C23-4CAE-4E86-B6DC-118EEE7EC9AB}"
EndProject
Project("{2150E333-8FDC-42A3-9474-1A3956D46DE8}") = "Mafia", "Mafia", "{C474DC16-3FAE-4374-985D-1A9552C480A7}"
EndProject
Project("{2150E333-8FDC-42A3-9474-1A3956D46DE8}") = "Matches", "Matches", "{22348464-9CDC-4308-B12E-AA2926DE0F88}"
EndProject
Project("{9A19103F-16F7-4668-BE54-9A1E7A4F7556}") = "Inhouse.UnitTests", "Bot.UnitTests\Inhouse\Inhouse.UnitTests.csproj", "{C14B5F3B-EDF2-4C90-AE1C-7288C4141C2D}"
EndProject
Project("{9A19103F-16F7-4668-BE54-9A1E7A4F7556}") = "Mafia.UnitTests", "Bot.UnitTests\Mafia\Mafia.UnitTests.csproj", "{9C7606DF-4DCF-4F89-B973-8F2674ABF0EE}"
EndProject
Project("{9A19103F-16F7-4668-BE54-9A1E7A4F7556}") = "Matches.UnitTests", "Bot.UnitTests\Matches\Matches.UnitTests.csproj", "{B4A16999-4A67-4B64-B36F-612A41C53C50}"
EndProject
Project("{2150E333-8FDC-42A3-9474-1A3956D46DE8}") = "Recruiting", "Recruiting", "{A3C2A78B-F9DE-49C7-B8C0-F93337927306}"
EndProject
Project("{9A19103F-16F7-4668-BE54-9A1E7A4F7556}") = "Recruiting.UnitTests", "Bot.UnitTests\Recruiting\Recruiting.UnitTests.csproj", "{D393EA62-0097-4C65-BA9B-D65FBFF123E2}"
EndProject
Global
	GlobalSection(SolutionConfigurationPlatforms) = preSolution
		Debug|Any CPU = Debug|Any CPU
		Debug|x64 = Debug|x64
		Debug|x86 = Debug|x86
		Release|Any CPU = Release|Any CPU
		Release|x64 = Release|x64
		Release|x86 = Release|x86
	EndGlobalSection
	GlobalSection(ProjectConfigurationPlatforms) = postSolution
		{325D7C7D-0260-4921-8964-38835F0F1211}.Debug|Any CPU.ActiveCfg = Debug|Any CPU
		{325D7C7D-0260-4921-8964-38835F0F1211}.Debug|Any CPU.Build.0 = Debug|Any CPU
		{325D7C7D-0260-4921-8964-38835F0F1211}.Debug|x64.ActiveCfg = Debug|Any CPU
		{325D7C7D-0260-4921-8964-38835F0F1211}.Debug|x64.Build.0 = Debug|Any CPU
		{325D7C7D-0260-4921-8964-38835F0F1211}.Debug|x86.ActiveCfg = Debug|Any CPU
		{325D7C7D-0260-4921-8964-38835F0F1211}.Debug|x86.Build.0 = Debug|Any CPU
		{325D7C7D-0260-4921-8964-38835F0F1211}.Release|Any CPU.ActiveCfg = Release|Any CPU
		{325D7C7D-0260-4921-8964-38835F0F1211}.Release|Any CPU.Build.0 = Release|Any CPU
		{325D7C7D-0260-4921-8964-38835F0F1211}.Release|x64.ActiveCfg = Release|Any CPU
		{325D7C7D-0260-4921-8964-38835F0F1211}.Release|x64.Build.0 = Release|Any CPU
		{325D7C7D-0260-4921-8964-38835F0F1211}.Release|x86.ActiveCfg = Release|Any CPU
		{325D7C7D-0260-4921-8964-38835F0F1211}.Release|x86.Build.0 = Release|Any CPU
		{194C787C-5C48-4835-8B10-494C67777BF2}.Debug|Any CPU.ActiveCfg = Debug|Any CPU
		{194C787C-5C48-4835-8B10-494C67777BF2}.Debug|Any CPU.Build.0 = Debug|Any CPU
		{194C787C-5C48-4835-8B10-494C67777BF2}.Debug|x64.ActiveCfg = Debug|Any CPU
		{194C787C-5C48-4835-8B10-494C67777BF2}.Debug|x64.Build.0 = Debug|Any CPU
		{194C787C-5C48-4835-8B10-494C67777BF2}.Debug|x86.ActiveCfg = Debug|Any CPU
		{194C787C-5C48-4835-8B10-494C67777BF2}.Debug|x86.Build.0 = Debug|Any CPU
		{194C787C-5C48-4835-8B10-494C67777BF2}.Release|Any CPU.ActiveCfg = Release|Any CPU
		{194C787C-5C48-4835-8B10-494C67777BF2}.Release|Any CPU.Build.0 = Release|Any CPU
		{194C787C-5C48-4835-8B10-494C67777BF2}.Release|x64.ActiveCfg = Release|Any CPU
		{194C787C-5C48-4835-8B10-494C67777BF2}.Release|x64.Build.0 = Release|Any CPU
		{194C787C-5C48-4835-8B10-494C67777BF2}.Release|x86.ActiveCfg = Release|Any CPU
		{194C787C-5C48-4835-8B10-494C67777BF2}.Release|x86.Build.0 = Release|Any CPU
		{99019363-4027-4F62-A106-74A163547C50}.Debug|Any CPU.ActiveCfg = Debug|Any CPU
		{99019363-4027-4F62-A106-74A163547C50}.Debug|Any CPU.Build.0 = Debug|Any CPU
		{99019363-4027-4F62-A106-74A163547C50}.Debug|x64.ActiveCfg = Debug|Any CPU
		{99019363-4027-4F62-A106-74A163547C50}.Debug|x64.Build.0 = Debug|Any CPU
		{99019363-4027-4F62-A106-74A163547C50}.Debug|x86.ActiveCfg = Debug|Any CPU
		{99019363-4027-4F62-A106-74A163547C50}.Debug|x86.Build.0 = Debug|Any CPU
		{99019363-4027-4F62-A106-74A163547C50}.Release|Any CPU.ActiveCfg = Release|Any CPU
		{99019363-4027-4F62-A106-74A163547C50}.Release|Any CPU.Build.0 = Release|Any CPU
		{99019363-4027-4F62-A106-74A163547C50}.Release|x64.ActiveCfg = Release|Any CPU
		{99019363-4027-4F62-A106-74A163547C50}.Release|x64.Build.0 = Release|Any CPU
		{99019363-4027-4F62-A106-74A163547C50}.Release|x86.ActiveCfg = Release|Any CPU
		{99019363-4027-4F62-A106-74A163547C50}.Release|x86.Build.0 = Release|Any CPU
		{A2C3EA6E-8F1F-4859-94F1-177ED97D9DF3}.Debug|Any CPU.ActiveCfg = Debug|Any CPU
		{A2C3EA6E-8F1F-4859-94F1-177ED97D9DF3}.Debug|Any CPU.Build.0 = Debug|Any CPU
		{A2C3EA6E-8F1F-4859-94F1-177ED97D9DF3}.Debug|x64.ActiveCfg = Debug|Any CPU
		{A2C3EA6E-8F1F-4859-94F1-177ED97D9DF3}.Debug|x64.Build.0 = Debug|Any CPU
		{A2C3EA6E-8F1F-4859-94F1-177ED97D9DF3}.Debug|x86.ActiveCfg = Debug|Any CPU
		{A2C3EA6E-8F1F-4859-94F1-177ED97D9DF3}.Debug|x86.Build.0 = Debug|Any CPU
		{A2C3EA6E-8F1F-4859-94F1-177ED97D9DF3}.Release|Any CPU.ActiveCfg = Release|Any CPU
		{A2C3EA6E-8F1F-4859-94F1-177ED97D9DF3}.Release|Any CPU.Build.0 = Release|Any CPU
		{A2C3EA6E-8F1F-4859-94F1-177ED97D9DF3}.Release|x64.ActiveCfg = Release|Any CPU
		{A2C3EA6E-8F1F-4859-94F1-177ED97D9DF3}.Release|x64.Build.0 = Release|Any CPU
		{A2C3EA6E-8F1F-4859-94F1-177ED97D9DF3}.Release|x86.ActiveCfg = Release|Any CPU
		{A2C3EA6E-8F1F-4859-94F1-177ED97D9DF3}.Release|x86.Build.0 = Release|Any CPU
		{C14B5F3B-EDF2-4C90-AE1C-7288C4141C2D}.Debug|Any CPU.ActiveCfg = Debug|Any CPU
		{C14B5F3B-EDF2-4C90-AE1C-7288C4141C2D}.Debug|Any CPU.Build.0 = Debug|Any CPU
		{C14B5F3B-EDF2-4C90-AE1C-7288C4141C2D}.Debug|x64.ActiveCfg = Debug|Any CPU
		{C14B5F3B-EDF2-4C90-AE1C-7288C4141C2D}.Debug|x64.Build.0 = Debug|Any CPU
		{C14B5F3B-EDF2-4C90-AE1C-7288C4141C2D}.Debug|x86.ActiveCfg = Debug|Any CPU
		{C14B5F3B-EDF2-4C90-AE1C-7288C4141C2D}.Debug|x86.Build.0 = Debug|Any CPU
		{C14B5F3B-EDF2-4C90-AE1C-7288C4141C2D}.Release|Any CPU.ActiveCfg = Release|Any CPU
		{C14B5F3B-EDF2-4C90-AE1C-7288C4141C2D}.Release|Any CPU.Build.0 = Release|Any CPU
		{C14B5F3B-EDF2-4C90-AE1C-7288C4141C2D}.Release|x64.ActiveCfg = Release|Any CPU
		{C14B5F3B-EDF2-4C90-AE1C-7288C4141C2D}.Release|x64.Build.0 = Release|Any CPU
		{C14B5F3B-EDF2-4C90-AE1C-7288C4141C2D}.Release|x86.ActiveCfg = Release|Any CPU
		{C14B5F3B-EDF2-4C90-AE1C-7288C4141C2D}.Release|x86.Build.0 = Release|Any CPU
		{9C7606DF-4DCF-4F89-B973-8F2674ABF0EE}.Debug|Any CPU.ActiveCfg = Debug|Any CPU
		{9C7606DF-4DCF-4F89-B973-8F2674ABF0EE}.Debug|Any CPU.Build.0 = Debug|Any CPU
		{9C7606DF-4DCF-4F89-B973-8F2674ABF0EE}.Debug|x64.ActiveCfg = Debug|Any CPU
		{9C7606DF-4DCF-4F89-B973-8F2674ABF0EE}.Debug|x64.Build.0 = Debug|Any CPU
		{9C7606DF-4DCF-4F89-B973-8F2674ABF0EE}.Debug|x86.ActiveCfg = Debug|Any CPU
		{9C7606DF-4DCF-4F89-B973-8F2674ABF0EE}.Debug|x86.Build.0 = Debug|Any CPU
		{9C7606DF-4DCF-4F89-B973-8F2674ABF0EE}.Release|Any CPU.ActiveCfg = Release|Any CPU
		{9C7606DF-4DCF-4F89-B973-8F2674ABF0EE}.Release|Any CPU.Build.0 = Release|Any CPU
		{9C7606DF-4DCF-4F89-B973-8F2674ABF0EE}.Release|x64.ActiveCfg = Release|Any CPU
		{9C7606DF-4DCF-4F89-B973-8F2674ABF0EE}.Release|x64.Build.0 = Release|Any CPU
		{9C7606DF-4DCF-4F89-B973-8F2674ABF0EE}.Release|x86.ActiveCfg = Release|Any CPU
		{9C7606DF-4DCF-4F89-B973-8F2674ABF0EE}.Release|x86.Build.0 = Release|Any CPU
		{B4A16999-4A67-4B64-B36F-612A41C53C50}.Debug|Any CPU.ActiveCfg = Debug|Any CPU
		{B4A16999-4A67-4B64-B36F-612A41C53C50}.Debug|Any CPU.Build.0 = Debug|Any CPU
		{B4A16999-4A67-4B64-B36F-612A41C53C50}.Debug|x64.ActiveCfg = Debug|Any CPU
		{B4A16999-4A67-4B64-B36F-612A41C53C50}.Debug|x64.Build.0 = Debug|Any CPU
		{B4A16999-4A67-4B64-B36F-612A41C53C50}.Debug|x86.ActiveCfg = Debug|Any CPU
		{B4A16999-4A67-4B64-B36F-612A41C53C50}.Debug|x86.Build.0 = Debug|Any CPU
		{B4A16999-4A67-4B64-B36F-612A41C53C50}.Release|Any CPU.ActiveCfg = Release|Any CPU
		{B4A16999-4A67-4B64-B36F-612A41C53C50}.Release|Any CPU.Build.0 = Release|Any CPU
		{B4A16999-4A67-4B64-B36F-612A41C53C50}.Release|x64.ActiveCfg = Release|Any CPU
		{B4A16999-4A67-4B64-B36F-612A41C53C50}.Release|x64.Build.0 = Release|Any CPU
		{B4A16999-4A67-4B64-B36F-612A41C53C50}.Release|x86.ActiveCfg = Release|Any CPU
		{B4A16999-4A67-4B64-B36F-612A41C53C50}.Release|x86.Build.0 = Release|Any CPU
		{D393EA62-0097-4C65-BA9B-D65FBFF123E2}.Debug|Any CPU.ActiveCfg = Debug|Any CPU
		{D393EA62-0097-4C65-BA9B-D65FBFF123E2}.Debug|Any CPU.Build.0 = Debug|Any CPU
		{D393EA62-0097-4C65-BA9B-D65FBFF123E2}.Debug|x64.ActiveCfg = Debug|Any CPU
		{D393EA62-0097-4C65-BA9B-D65FBFF123E2}.Debug|x64.Build.0 = Debug|Any CPU
		{D393EA62-0097-4C65-BA9B-D65FBFF123E2}.Debug|x86.ActiveCfg = Debug|Any CPU
		{D393EA62-0097-4C65-BA9B-D65FBFF123E2}.Debug|x86.Build.0 = Debug|Any CPU
		{D393EA62-0097-4C65-BA9B-D65FBFF123E2}.Release|Any CPU.ActiveCfg = Release|Any CPU
		{D393EA62-0097-4C65-BA9B-D65FBFF123E2}.Release|Any CPU.Build.0 = Release|Any CPU
		{D393EA62-0097-4C65-BA9B-D65FBFF123E2}.Release|x64.ActiveCfg = Release|Any CPU
		{D393EA62-0097-4C65-BA9B-D65FBFF123E2}.Release|x64.Build.0 = Release|Any CPU
		{D393EA62-0097-4C65-BA9B-D65FBFF123E2}.Release|x86.ActiveCfg = Release|Any CPU
		{D393EA62-0097-4C65-BA9B-D65FBFF123E2}.Release|x86.Build.0 = Release|Any CPU
	EndGlobalSection
	GlobalSection(SolutionProperties) = preSolution
		HideSolutionNode = FALSE
	EndGlobalSection
	GlobalSection(NestedProjects) = preSolution
		{A2C3EA6E-8F1F-4859-94F1-177ED97D9DF3} = {1826D7AD-BE92-4465-9311-FF3A5EECB312}
		{C3BE6C23-4CAE-4E86-B6DC-118EEE7EC9AB} = {626C673B-BE02-4B5C-9A12-B409CE1FDAA4}
		{C474DC16-3FAE-4374-985D-1A9552C480A7} = {626C673B-BE02-4B5C-9A12-B409CE1FDAA4}
		{22348464-9CDC-4308-B12E-AA2926DE0F88} = {626C673B-BE02-4B5C-9A12-B409CE1FDAA4}
		{C14B5F3B-EDF2-4C90-AE1C-7288C4141C2D} = {C3BE6C23-4CAE-4E86-B6DC-118EEE7EC9AB}
		{9C7606DF-4DCF-4F89-B973-8F2674ABF0EE} = {C474DC16-3FAE-4374-985D-1A9552C480A7}
		{B4A16999-4A67-4B64-B36F-612A41C53C50} = {22348464-9CDC-4308-B12E-AA2926DE0F88}
		{A3C2A78B-F9DE-49C7-B8C0-F93337927306} = {626C673B-BE02-4B5C-9A12-B409CE1FDAA4}
		{D393EA62-0097-4C65-BA9B-D65FBFF123E2} = {A3C2A78B-F9DE-49C7-B8C0-F93337927306}
	EndGlobalSection
	GlobalSection(ExtensibilityGlobals) = postSolution
		SolutionGuid = {FEA1002F-F86C-4E46-BAE8-965951A6B60F}
	EndGlobalSection
EndGlobal
